
Microsoft Visual Studio Solution File, Format Version 12.00
# Visual Studio Version 17
VisualStudioVersion = 17.0.31903.59
MinimumVisualStudioVersion = 10.0.40219.1
Project("{FAE04EC0-301F-11D3-BF4B-00C04F79EFBC}") = "Tomat.Mutiny.Loader.API", "Tomat.Mutiny.Loader.API\Tomat.Mutiny.Loader.API.csproj", "{CF1B4288-9C91-4CEA-8D07-52E76B47675A}"
EndProject
Project("{FAE04EC0-301F-11D3-BF4B-00C04F79EFBC}") = "Tomat.Mutiny", "Tomat.Mutiny\Tomat.Mutiny.csproj", "{0A4C97FE-C0C3-495C-A15E-EEAAE06FC63C}"
EndProject
Global
	GlobalSection(SolutionConfigurationPlatforms) = preSolution
		Debug|Any CPU = Debug|Any CPU
		Release|Any CPU = Release|Any CPU
	EndGlobalSection
	GlobalSection(SolutionProperties) = preSolution
		HideSolutionNode = FALSE
	EndGlobalSection
	GlobalSection(ProjectConfigurationPlatforms) = postSolution
		{CF1B4288-9C91-4CEA-8D07-52E76B47675A}.Debug|Any CPU.ActiveCfg = Debug|Any CPU
		{CF1B4288-9C91-4CEA-8D07-52E76B47675A}.Debug|Any CPU.Build.0 = Debug|Any CPU
		{CF1B4288-9C91-4CEA-8D07-52E76B47675A}.Release|Any CPU.ActiveCfg = Release|Any CPU
		{CF1B4288-9C91-4CEA-8D07-52E76B47675A}.Release|Any CPU.Build.0 = Release|Any CPU
		{0A4C97FE-C0C3-495C-A15E-EEAAE06FC63C}.Debug|Any CPU.ActiveCfg = Debug|Any CPU
		{0A4C97FE-C0C3-495C-A15E-EEAAE06FC63C}.Debug|Any CPU.Build.0 = Debug|Any CPU
		{0A4C97FE-C0C3-495C-A15E-EEAAE06FC63C}.Release|Any CPU.ActiveCfg = Release|Any CPU
		{0A4C97FE-C0C3-495C-A15E-EEAAE06FC63C}.Release|Any CPU.Build.0 = Release|Any CPU
	EndGlobalSection
EndGlobal
